
Microsoft Visual Studio Solution File, Format Version 12.00
# Visual Studio Version 18
VisualStudioVersion = 18.5.11605.296
MinimumVisualStudioVersion = 10.0.40219.1
Project("{FAE04EC0-301F-11D3-BF4B-00C04F79EFBC}") = "AmlaDeveloperAssistantApp", "AmlaDeveloperAssistantApp\AmlaDeveloperAssistantApp.csproj", "{C2BAAA1A-8B0A-E583-515B-54DCFFE99077}"
EndProject
Project("{2150E333-8FDC-42A3-9474-1A3956D46DE8}") = "Solution Items", "Solution Items", "{260ECBC5-11CD-4B38-AFBD-38A07B3D6E45}"
	ProjectSection(SolutionItems) = preProject
		.editorconfig = .editorconfig
	EndProjectSection
EndProject
Project("{FAE04EC0-301F-11D3-BF4B-00C04F79EFBC}") = "AmlaDeveloperAssistant.Services", "AmlaDeveloperAssistant.Services\AmlaDeveloperAssistant.Services.csproj", "{F7F479B5-7129-4356-AA09-21C9307DE06D}"
EndProject
Project("{FAE04EC0-301F-11D3-BF4B-00C04F79EFBC}") = "AmlaDeveloperAssistant.WebApi", "AmlaDeveloperAssistant.WebApi\AmlaDeveloperAssistant.WebApi.csproj", "{3003FE09-8C3B-406A-8F54-749DFBC31B46}"
EndProject
Project("{FAE04EC0-301F-11D3-BF4B-00C04F79EFBC}") = "AmlaDeveloperAssistant.McpInstaller", "AmlaDeveloperAssistant.McpInstaller\AmlaDeveloperAssistant.McpInstaller.csproj", "{03A6A365-64B7-46FD-9069-DE165BA13F4A}"
EndProject
Global
	GlobalSection(SolutionConfigurationPlatforms) = preSolution
		Debug|Any CPU = Debug|Any CPU
		Debug|x64 = Debug|x64
		Debug|x86 = Debug|x86
		Release|Any CPU = Release|Any CPU
		Release|x64 = Release|x64
		Release|x86 = Release|x86
	EndGlobalSection
	GlobalSection(ProjectConfigurationPlatforms) = postSolution
		{C2BAAA1A-8B0A-E583-515B-54DCFFE99077}.Debug|Any CPU.ActiveCfg = Debug|Any CPU
		{C2BAAA1A-8B0A-E583-515B-54DCFFE99077}.Debug|Any CPU.Build.0 = Debug|Any CPU
		{C2BAAA1A-8B0A-E583-515B-54DCFFE99077}.Debug|x64.ActiveCfg = Debug|Any CPU
		{C2BAAA1A-8B0A-E583-515B-54DCFFE99077}.Debug|x64.Build.0 = Debug|Any CPU
		{C2BAAA1A-8B0A-E583-515B-54DCFFE99077}.Debug|x86.ActiveCfg = Debug|Any CPU
		{C2BAAA1A-8B0A-E583-515B-54DCFFE99077}.Debug|x86.Build.0 = Debug|Any CPU
		{C2BAAA1A-8B0A-E583-515B-54DCFFE99077}.Release|Any CPU.ActiveCfg = Release|Any CPU
		{C2BAAA1A-8B0A-E583-515B-54DCFFE99077}.Release|Any CPU.Build.0 = Release|Any CPU
		{C2BAAA1A-8B0A-E583-515B-54DCFFE99077}.Release|x64.ActiveCfg = Release|Any CPU
		{C2BAAA1A-8B0A-E583-515B-54DCFFE99077}.Release|x64.Build.0 = Release|Any CPU
		{C2BAAA1A-8B0A-E583-515B-54DCFFE99077}.Release|x86.ActiveCfg = Release|Any CPU
		{C2BAAA1A-8B0A-E583-515B-54DCFFE99077}.Release|x86.Build.0 = Release|Any CPU
		{F7F479B5-7129-4356-AA09-21C9307DE06D}.Debug|Any CPU.ActiveCfg = Debug|Any CPU
		{F7F479B5-7129-4356-AA09-21C9307DE06D}.Debug|Any CPU.Build.0 = Debug|Any CPU
		{F7F479B5-7129-4356-AA09-21C9307DE06D}.Debug|x64.ActiveCfg = Debug|Any CPU
		{F7F479B5-7129-4356-AA09-21C9307DE06D}.Debug|x64.Build.0 = Debug|Any CPU
		{F7F479B5-7129-4356-AA09-21C9307DE06D}.Debug|x86.ActiveCfg = Debug|Any CPU
		{F7F479B5-7129-4356-AA09-21C9307DE06D}.Debug|x86.Build.0 = Debug|Any CPU
		{F7F479B5-7129-4356-AA09-21C9307DE06D}.Release|Any CPU.ActiveCfg = Release|Any CPU
		{F7F479B5-7129-4356-AA09-21C9307DE06D}.Release|Any CPU.Build.0 = Release|Any CPU
		{F7F479B5-7129-4356-AA09-21C9307DE06D}.Release|x64.ActiveCfg = Release|Any CPU
		{F7F479B5-7129-4356-AA09-21C9307DE06D}.Release|x64.Build.0 = Release|Any CPU
		{F7F479B5-7129-4356-AA09-21C9307DE06D}.Release|x86.ActiveCfg = Release|Any CPU
		{F7F479B5-7129-4356-AA09-21C9307DE06D}.Release|x86.Build.0 = Release|Any CPU
		{3003FE09-8C3B-406A-8F54-749DFBC31B46}.Debug|Any CPU.ActiveCfg = Debug|Any CPU
		{3003FE09-8C3B-406A-8F54-749DFBC31B46}.Debug|Any CPU.Build.0 = Debug|Any CPU
		{3003FE09-8C3B-406A-8F54-749DFBC31B46}.Debug|x64.ActiveCfg = Debug|Any CPU
		{3003FE09-8C3B-406A-8F54-749DFBC31B46}.Debug|x64.Build.0 = Debug|Any CPU
		{3003FE09-8C3B-406A-8F54-749DFBC31B46}.Debug|x86.ActiveCfg = Debug|Any CPU
		{3003FE09-8C3B-406A-8F54-749DFBC31B46}.Debug|x86.Build.0 = Debug|Any CPU
		{3003FE09-8C3B-406A-8F54-749DFBC31B46}.Release|Any CPU.ActiveCfg = Release|Any CPU
		{3003FE09-8C3B-406A-8F54-749DFBC31B46}.Release|Any CPU.Build.0 = Release|Any CPU
		{3003FE09-8C3B-406A-8F54-749DFBC31B46}.Release|x64.ActiveCfg = Release|Any CPU
		{3003FE09-8C3B-406A-8F54-749DFBC31B46}.Release|x64.Build.0 = Release|Any CPU
		{3003FE09-8C3B-406A-8F54-749DFBC31B46}.Release|x86.ActiveCfg = Release|Any CPU
		{3003FE09-8C3B-406A-8F54-749DFBC31B46}.Release|x86.Build.0 = Release|Any CPU
		{03A6A365-64B7-46FD-9069-DE165BA13F4A}.Debug|Any CPU.ActiveCfg = Debug|Any CPU
		{03A6A365-64B7-46FD-9069-DE165BA13F4A}.Debug|Any CPU.Build.0 = Debug|Any CPU
		{03A6A365-64B7-46FD-9069-DE165BA13F4A}.Debug|x64.ActiveCfg = Debug|Any CPU
		{03A6A365-64B7-46FD-9069-DE165BA13F4A}.Debug|x64.Build.0 = Debug|Any CPU
		{03A6A365-64B7-46FD-9069-DE165BA13F4A}.Debug|x86.ActiveCfg = Debug|Any CPU
		{03A6A365-64B7-46FD-9069-DE165BA13F4A}.Debug|x86.Build.0 = Debug|Any CPU
		{03A6A365-64B7-46FD-9069-DE165BA13F4A}.Release|Any CPU.ActiveCfg = Release|Any CPU
		{03A6A365-64B7-46FD-9069-DE165BA13F4A}.Release|Any CPU.Build.0 = Release|Any CPU
		{03A6A365-64B7-46FD-9069-DE165BA13F4A}.Release|x64.ActiveCfg = Release|Any CPU
		{03A6A365-64B7-46FD-9069-DE165BA13F4A}.Release|x64.Build.0 = Release|Any CPU
		{03A6A365-64B7-46FD-9069-DE165BA13F4A}.Release|x86.ActiveCfg = Release|Any CPU
		{03A6A365-64B7-46FD-9069-DE165BA13F4A}.Release|x86.Build.0 = Release|Any CPU
	EndGlobalSection
	GlobalSection(SolutionProperties) = preSolution
		HideSolutionNode = FALSE
	EndGlobalSection
	GlobalSection(ExtensibilityGlobals) = postSolution
		SolutionGuid = {06AD5230-9D2A-4C63-ADD4-77A6201CA973}
	EndGlobalSection
EndGlobal
